<Solution>
  <Configurations>
    <Platform Name="x64" />
    <Platform Name="x86" />
  </Configurations>
  <Folder Name="/Solution Items/">
    <File Path="../../../Downloads/studentai10000.txt" />
    <File Path="../../../Downloads/studentai100000.txt" />
    <File Path="../../../Downloads/studentai1000000.txt" />
  </Folder>
  <Project Path="Uzd1.vcxproj" Id="90d86dd9-0ed0-48c8-82fb-9c9d9e5ea8c3" />
</Solution>
